
Microsoft Visual Studio Solution File, Format Version 12.00
# Visual Studio Version 17
VisualStudioVersion = 17.11.35312.102
MinimumVisualStudioVersion = 10.0.40219.1
Project("{FAE04EC0-301F-11D3-BF4B-00C04F79EFBC}") = "eCommerce-Sitic", "eCommerce-Sitic.csproj", "{05260952-EE10-42EB-B954-DDEB512A3EA8}"
EndProject
Project("{2150E333-8FDC-42A3-9474-1A3956D46DE8}") = "Comun", "Comun", "{EB11BA8B-DB66-4277-9297-6F07C54C621E}"
EndProject
Project("{2150E333-8FDC-42A3-9474-1A3956D46DE8}") = "BLL", "BLL", "{B882B59A-1542-4A2F-9E11-1AFEC335A964}"
EndProject
Project("{2150E333-8FDC-42A3-9474-1A3956D46DE8}") = "API", "API", "{77C0EEF6-E721-4044-924D-91DCBE134805}"
EndProject
Project("{FAE04EC0-301F-11D3-BF4B-00C04F79EFBC}") = "ProductBLL", "ProductBLL\ProductBLL.csproj", "{3CC49F6F-992D-4370-B982-6FA6792C66AC}"
EndProject
Project("{FAE04EC0-301F-11D3-BF4B-00C04F79EFBC}") = "ProductAPI", "ProductAPI\ProductAPI.csproj", "{681C3F64-771D-46AD-A771-8384A2CF2DFD}"
EndProject
Project("{FAE04EC0-301F-11D3-BF4B-00C04F79EFBC}") = "VO", "VO\VO.csproj", "{7B456287-C5A9-4C8B-955E-B5CF60036107}"
EndProject
Project("{FAE04EC0-301F-11D3-BF4B-00C04F79EFBC}") = "CartAPI", "..\CartAPI\CartAPI.csproj", "{127D990A-EA23-4B13-873F-E5F3237F67F6}"
EndProject
Project("{FAE04EC0-301F-11D3-BF4B-00C04F79EFBC}") = "OrderAPI", "..\OrderAPI\OrderAPI.csproj", "{94396D4D-C5C5-40FA-A655-EC7DC6B56E2D}"
EndProject
Project("{FAE04EC0-301F-11D3-BF4B-00C04F79EFBC}") = "OrderBLL", "OrderBLL\OrderBLL.csproj", "{D7717581-D400-46BD-902F-888150897F7D}"
EndProject
Project("{FAE04EC0-301F-11D3-BF4B-00C04F79EFBC}") = "CartBLL", "CartBLL\CartBLL.csproj", "{1C8428EB-20C7-43D5-AE18-E72F0FD0053B}"
EndProject
Global
	GlobalSection(SolutionConfigurationPlatforms) = preSolution
		Debug|Any CPU = Debug|Any CPU
		Release|Any CPU = Release|Any CPU
	EndGlobalSection
	GlobalSection(ProjectConfigurationPlatforms) = postSolution
		{05260952-EE10-42EB-B954-DDEB512A3EA8}.Debug|Any CPU.ActiveCfg = Debug|Any CPU
		{05260952-EE10-42EB-B954-DDEB512A3EA8}.Debug|Any CPU.Build.0 = Debug|Any CPU
		{05260952-EE10-42EB-B954-DDEB512A3EA8}.Release|Any CPU.ActiveCfg = Release|Any CPU
		{05260952-EE10-42EB-B954-DDEB512A3EA8}.Release|Any CPU.Build.0 = Release|Any CPU
		{3CC49F6F-992D-4370-B982-6FA6792C66AC}.Debug|Any CPU.ActiveCfg = Debug|Any CPU
		{3CC49F6F-992D-4370-B982-6FA6792C66AC}.Debug|Any CPU.Build.0 = Debug|Any CPU
		{3CC49F6F-992D-4370-B982-6FA6792C66AC}.Release|Any CPU.ActiveCfg = Release|Any CPU
		{3CC49F6F-992D-4370-B982-6FA6792C66AC}.Release|Any CPU.Build.0 = Release|Any CPU
		{681C3F64-771D-46AD-A771-8384A2CF2DFD}.Debug|Any CPU.ActiveCfg = Debug|Any CPU
		{681C3F64-771D-46AD-A771-8384A2CF2DFD}.Debug|Any CPU.Build.0 = Debug|Any CPU
		{681C3F64-771D-46AD-A771-8384A2CF2DFD}.Release|Any CPU.ActiveCfg = Release|Any CPU
		{681C3F64-771D-46AD-A771-8384A2CF2DFD}.Release|Any CPU.Build.0 = Release|Any CPU
		{7B456287-C5A9-4C8B-955E-B5CF60036107}.Debug|Any CPU.ActiveCfg = Debug|Any CPU
		{7B456287-C5A9-4C8B-955E-B5CF60036107}.Debug|Any CPU.Build.0 = Debug|Any CPU
		{7B456287-C5A9-4C8B-955E-B5CF60036107}.Release|Any CPU.ActiveCfg = Release|Any CPU
		{7B456287-C5A9-4C8B-955E-B5CF60036107}.Release|Any CPU.Build.0 = Release|Any CPU
		{127D990A-EA23-4B13-873F-E5F3237F67F6}.Debug|Any CPU.ActiveCfg = Debug|Any CPU
		{127D990A-EA23-4B13-873F-E5F3237F67F6}.Debug|Any CPU.Build.0 = Debug|Any CPU
		{127D990A-EA23-4B13-873F-E5F3237F67F6}.Release|Any CPU.ActiveCfg = Release|Any CPU
		{127D990A-EA23-4B13-873F-E5F3237F67F6}.Release|Any CPU.Build.0 = Release|Any CPU
		{94396D4D-C5C5-40FA-A655-EC7DC6B56E2D}.Debug|Any CPU.ActiveCfg = Debug|Any CPU
		{94396D4D-C5C5-40FA-A655-EC7DC6B56E2D}.Debug|Any CPU.Build.0 = Debug|Any CPU
		{94396D4D-C5C5-40FA-A655-EC7DC6B56E2D}.Release|Any CPU.ActiveCfg = Release|Any CPU
		{94396D4D-C5C5-40FA-A655-EC7DC6B56E2D}.Release|Any CPU.Build.0 = Release|Any CPU
		{D7717581-D400-46BD-902F-888150897F7D}.Debug|Any CPU.ActiveCfg = Debug|Any CPU
		{D7717581-D400-46BD-902F-888150897F7D}.Debug|Any CPU.Build.0 = Debug|Any CPU
		{D7717581-D400-46BD-902F-888150897F7D}.Release|Any CPU.ActiveCfg = Release|Any CPU
		{D7717581-D400-46BD-902F-888150897F7D}.Release|Any CPU.Build.0 = Release|Any CPU
		{1C8428EB-20C7-43D5-AE18-E72F0FD0053B}.Debug|Any CPU.ActiveCfg = Debug|Any CPU
		{1C8428EB-20C7-43D5-AE18-E72F0FD0053B}.Debug|Any CPU.Build.0 = Debug|Any CPU
		{1C8428EB-20C7-43D5-AE18-E72F0FD0053B}.Release|Any CPU.ActiveCfg = Release|Any CPU
		{1C8428EB-20C7-43D5-AE18-E72F0FD0053B}.Release|Any CPU.Build.0 = Release|Any CPU
	EndGlobalSection
	GlobalSection(SolutionProperties) = preSolution
		HideSolutionNode = FALSE
	EndGlobalSection
	GlobalSection(NestedProjects) = preSolution
		{3CC49F6F-992D-4370-B982-6FA6792C66AC} = {B882B59A-1542-4A2F-9E11-1AFEC335A964}
		{681C3F64-771D-46AD-A771-8384A2CF2DFD} = {77C0EEF6-E721-4044-924D-91DCBE134805}
		{7B456287-C5A9-4C8B-955E-B5CF60036107} = {EB11BA8B-DB66-4277-9297-6F07C54C621E}
		{127D990A-EA23-4B13-873F-E5F3237F67F6} = {77C0EEF6-E721-4044-924D-91DCBE134805}
		{94396D4D-C5C5-40FA-A655-EC7DC6B56E2D} = {77C0EEF6-E721-4044-924D-91DCBE134805}
		{D7717581-D400-46BD-902F-888150897F7D} = {B882B59A-1542-4A2F-9E11-1AFEC335A964}
		{1C8428EB-20C7-43D5-AE18-E72F0FD0053B} = {B882B59A-1542-4A2F-9E11-1AFEC335A964}
	EndGlobalSection
	GlobalSection(ExtensibilityGlobals) = postSolution
		SolutionGuid = {427BE61D-F7E0-496D-B9B0-8502DA5F4086}
	EndGlobalSection
EndGlobal
